
Microsoft Visual Studio Solution File, Format Version 12.00
# Visual Studio Version 17
VisualStudioVersion = 17.8.34525.116
MinimumVisualStudioVersion = 10.0.40219.1
Project("{FAE04EC0-301F-11D3-BF4B-00C04F79EFBC}") = "EntityLayer", "EntityLayer\EntityLayer.csproj", "{D3B9D7C4-ACD2-47B9-A5E6-8ACFF15B976B}"
EndProject
Project("{FAE04EC0-301F-11D3-BF4B-00C04F79EFBC}") = "DataAccessLayer", "DataAccessLayer\DataAccessLayer.csproj", "{624ABB81-6000-45D8-84BD-03FCC96476B5}"
EndProject
Project("{FAE04EC0-301F-11D3-BF4B-00C04F79EFBC}") = "BusinessLayer", "BusinessLayer\BusinessLayer.csproj", "{CADECECE-150C-4EC2-AD42-855435AF0C43}"
EndProject
Project("{FAE04EC0-301F-11D3-BF4B-00C04F79EFBC}") = "E-Shop", "E-Shop\E-Shop.csproj", "{C3CC4AA8-A8BE-43CC-A48A-881424439C6E}"
EndProject
Global
	GlobalSection(SolutionConfigurationPlatforms) = preSolution
		Debug|Any CPU = Debug|Any CPU
		Release|Any CPU = Release|Any CPU
	EndGlobalSection
	GlobalSection(ProjectConfigurationPlatforms) = postSolution
		{D3B9D7C4-ACD2-47B9-A5E6-8ACFF15B976B}.Debug|Any CPU.ActiveCfg = Debug|Any CPU
		{D3B9D7C4-ACD2-47B9-A5E6-8ACFF15B976B}.Debug|Any CPU.Build.0 = Debug|Any CPU
		{D3B9D7C4-ACD2-47B9-A5E6-8ACFF15B976B}.Release|Any CPU.ActiveCfg = Release|Any CPU
		{D3B9D7C4-ACD2-47B9-A5E6-8ACFF15B976B}.Release|Any CPU.Build.0 = Release|Any CPU
		{624ABB81-6000-45D8-84BD-03FCC96476B5}.Debug|Any CPU.ActiveCfg = Debug|Any CPU
		{624ABB81-6000-45D8-84BD-03FCC96476B5}.Debug|Any CPU.Build.0 = Debug|Any CPU
		{624ABB81-6000-45D8-84BD-03FCC96476B5}.Release|Any CPU.ActiveCfg = Release|Any CPU
		{624ABB81-6000-45D8-84BD-03FCC96476B5}.Release|Any CPU.Build.0 = Release|Any CPU
		{CADECECE-150C-4EC2-AD42-855435AF0C43}.Debug|Any CPU.ActiveCfg = Debug|Any CPU
		{CADECECE-150C-4EC2-AD42-855435AF0C43}.Debug|Any CPU.Build.0 = Debug|Any CPU
		{CADECECE-150C-4EC2-AD42-855435AF0C43}.Release|Any CPU.ActiveCfg = Release|Any CPU
		{CADECECE-150C-4EC2-AD42-855435AF0C43}.Release|Any CPU.Build.0 = Release|Any CPU
		{C3CC4AA8-A8BE-43CC-A48A-881424439C6E}.Debug|Any CPU.ActiveCfg = Debug|Any CPU
		{C3CC4AA8-A8BE-43CC-A48A-881424439C6E}.Debug|Any CPU.Build.0 = Debug|Any CPU
		{C3CC4AA8-A8BE-43CC-A48A-881424439C6E}.Release|Any CPU.ActiveCfg = Release|Any CPU
		{C3CC4AA8-A8BE-43CC-A48A-881424439C6E}.Release|Any CPU.Build.0 = Release|Any CPU
	EndGlobalSection
	GlobalSection(SolutionProperties) = preSolution
		HideSolutionNode = FALSE
	EndGlobalSection
	GlobalSection(ExtensibilityGlobals) = postSolution
		SolutionGuid = {C1B17445-4D1C-42FE-A463-B07F18875229}
	EndGlobalSection
EndGlobal
